
Microsoft Visual Studio Solution File, Format Version 12.00
# Visual Studio 15
VisualStudioVersion = 15.0.27703.2035
MinimumVisualStudioVersion = 10.0.40219.1
Project("{FAE04EC0-301F-11D3-BF4B-00C04F79EFBC}") = "shopy", "shopy\shopy.csproj", "{72A95D27-2066-4484-953B-2C60419CCB5A}"
EndProject
Global
	GlobalSection(SolutionConfigurationPlatforms) = preSolution
		Debug|Any CPU = Debug|Any CPU
		Release|Any CPU = Release|Any CPU
	EndGlobalSection
	GlobalSection(ProjectConfigurationPlatforms) = postSolution
		{72A95D27-2066-4484-953B-2C60419CCB5A}.Debug|Any CPU.ActiveCfg = Debug|Any CPU
		{72A95D27-2066-4484-953B-2C60419CCB5A}.Debug|Any CPU.Build.0 = Debug|Any CPU
		{72A95D27-2066-4484-953B-2C60419CCB5A}.Release|Any CPU.ActiveCfg = Release|Any CPU
		{72A95D27-2066-4484-953B-2C60419CCB5A}.Release|Any CPU.Build.0 = Release|Any CPU
	EndGlobalSection
	GlobalSection(SolutionProperties) = preSolution
		HideSolutionNode = FALSE
	EndGlobalSection
	GlobalSection(ExtensibilityGlobals) = postSolution
		SolutionGuid = {25625FB9-A08D-42BE-9611-032161D78BD5}
	EndGlobalSection
EndGlobal
